
Microsoft Visual Studio Solution File, Format Version 12.00
# Visual Studio Version 17
VisualStudioVersion = 17.4.33110.190
MinimumVisualStudioVersion = 10.0.40219.1
Project("{FAE04EC0-301F-11D3-BF4B-00C04F79EFBC}") = "Encapsulation", "Encapsulation\Encapsulation.csproj", "{6809A460-82EC-4D33-883D-F21FA50ABB2F}"
EndProject
Global
	GlobalSection(SolutionConfigurationPlatforms) = preSolution
		Debug|Any CPU = Debug|Any CPU
		Release|Any CPU = Release|Any CPU
	EndGlobalSection
	GlobalSection(ProjectConfigurationPlatforms) = postSolution
		{6809A460-82EC-4D33-883D-F21FA50ABB2F}.Debug|Any CPU.ActiveCfg = Debug|Any CPU
		{6809A460-82EC-4D33-883D-F21FA50ABB2F}.Debug|Any CPU.Build.0 = Debug|Any CPU
		{6809A460-82EC-4D33-883D-F21FA50ABB2F}.Release|Any CPU.ActiveCfg = Release|Any CPU
		{6809A460-82EC-4D33-883D-F21FA50ABB2F}.Release|Any CPU.Build.0 = Release|Any CPU
	EndGlobalSection
	GlobalSection(SolutionProperties) = preSolution
		HideSolutionNode = FALSE
	EndGlobalSection
	GlobalSection(ExtensibilityGlobals) = postSolution
		SolutionGuid = {B6F8449F-3DB9-45EB-9D93-2DE91D762F90}
	EndGlobalSection
EndGlobal
