
Microsoft Visual Studio Solution File, Format Version 12.00
# Visual Studio Version 17
VisualStudioVersion = 17.4.33110.190
MinimumVisualStudioVersion = 10.0.40219.1
Project("{FAE04EC0-301F-11D3-BF4B-00C04F79EFBC}") = "WebAPI", "WebAPI.csproj", "{9F82D2AA-DD11-46BA-B436-A7FAE98A8E21}"
EndProject
Global
	GlobalSection(SolutionConfigurationPlatforms) = preSolution
		Debug|Any CPU = Debug|Any CPU
		Release|Any CPU = Release|Any CPU
	EndGlobalSection
	GlobalSection(ProjectConfigurationPlatforms) = postSolution
		{9F82D2AA-DD11-46BA-B436-A7FAE98A8E21}.Debug|Any CPU.ActiveCfg = Debug|Any CPU
		{9F82D2AA-DD11-46BA-B436-A7FAE98A8E21}.Debug|Any CPU.Build.0 = Debug|Any CPU
		{9F82D2AA-DD11-46BA-B436-A7FAE98A8E21}.Release|Any CPU.ActiveCfg = Release|Any CPU
		{9F82D2AA-DD11-46BA-B436-A7FAE98A8E21}.Release|Any CPU.Build.0 = Release|Any CPU
	EndGlobalSection
	GlobalSection(SolutionProperties) = preSolution
		HideSolutionNode = FALSE
	EndGlobalSection
	GlobalSection(ExtensibilityGlobals) = postSolution
		SolutionGuid = {F34F147B-15B7-4F65-BF98-DB593A616F69}
	EndGlobalSection
EndGlobal
