
Microsoft Visual Studio Solution File, Format Version 12.00
# Visual Studio Version 17
VisualStudioVersion = 17.4.33110.190
MinimumVisualStudioVersion = 10.0.40219.1
Project("{FAE04EC0-301F-11D3-BF4B-00C04F79EFBC}") = "FirstConsoleApp", "ConsoleApp1\FirstConsoleApp.csproj", "{E56B1CCE-16CC-4D93-82B2-0813A7C41DF3}"
EndProject
Global
	GlobalSection(SolutionConfigurationPlatforms) = preSolution
		Debug|Any CPU = Debug|Any CPU
		Release|Any CPU = Release|Any CPU
	EndGlobalSection
	GlobalSection(ProjectConfigurationPlatforms) = postSolution
		{E56B1CCE-16CC-4D93-82B2-0813A7C41DF3}.Debug|Any CPU.ActiveCfg = Debug|Any CPU
		{E56B1CCE-16CC-4D93-82B2-0813A7C41DF3}.Debug|Any CPU.Build.0 = Debug|Any CPU
		{E56B1CCE-16CC-4D93-82B2-0813A7C41DF3}.Release|Any CPU.ActiveCfg = Release|Any CPU
		{E56B1CCE-16CC-4D93-82B2-0813A7C41DF3}.Release|Any CPU.Build.0 = Release|Any CPU
	EndGlobalSection
	GlobalSection(SolutionProperties) = preSolution
		HideSolutionNode = FALSE
	EndGlobalSection
	GlobalSection(ExtensibilityGlobals) = postSolution
		SolutionGuid = {27EEDB39-6F3D-4583-A2D2-8427D89A1DD3}
	EndGlobalSection
EndGlobal
