
Microsoft Visual Studio Solution File, Format Version 12.00
# Visual Studio Version 17
VisualStudioVersion = 17.4.33110.190
MinimumVisualStudioVersion = 10.0.40219.1
Project("{FAE04EC0-301F-11D3-BF4B-00C04F79EFBC}") = "MyConsoleAppEFA", "MyConsoleAppEFA.csproj", "{BB5354E5-FEA2-4801-837D-2D566B5EA0B3}"
EndProject
Global
	GlobalSection(SolutionConfigurationPlatforms) = preSolution
		Debug|Any CPU = Debug|Any CPU
		Release|Any CPU = Release|Any CPU
	EndGlobalSection
	GlobalSection(ProjectConfigurationPlatforms) = postSolution
		{BB5354E5-FEA2-4801-837D-2D566B5EA0B3}.Debug|Any CPU.ActiveCfg = Debug|Any CPU
		{BB5354E5-FEA2-4801-837D-2D566B5EA0B3}.Debug|Any CPU.Build.0 = Debug|Any CPU
		{BB5354E5-FEA2-4801-837D-2D566B5EA0B3}.Release|Any CPU.ActiveCfg = Release|Any CPU
		{BB5354E5-FEA2-4801-837D-2D566B5EA0B3}.Release|Any CPU.Build.0 = Release|Any CPU
	EndGlobalSection
	GlobalSection(SolutionProperties) = preSolution
		HideSolutionNode = FALSE
	EndGlobalSection
	GlobalSection(ExtensibilityGlobals) = postSolution
		SolutionGuid = {F15D05F7-62DE-4D85-A192-A8B7D2B1FD01}
	EndGlobalSection
EndGlobal
