
Microsoft Visual Studio Solution File, Format Version 12.00
# Visual Studio Version 17
VisualStudioVersion = 17.4.33110.190
MinimumVisualStudioVersion = 10.0.40219.1
Project("{FAE04EC0-301F-11D3-BF4B-00C04F79EFBC}") = "Inheritance1", "Inheritance1\Inheritance1.csproj", "{3D0828FB-EF20-4E06-B3D6-A48F974DE87C}"
EndProject
Global
	GlobalSection(SolutionConfigurationPlatforms) = preSolution
		Debug|Any CPU = Debug|Any CPU
		Release|Any CPU = Release|Any CPU
	EndGlobalSection
	GlobalSection(ProjectConfigurationPlatforms) = postSolution
		{3D0828FB-EF20-4E06-B3D6-A48F974DE87C}.Debug|Any CPU.ActiveCfg = Debug|Any CPU
		{3D0828FB-EF20-4E06-B3D6-A48F974DE87C}.Debug|Any CPU.Build.0 = Debug|Any CPU
		{3D0828FB-EF20-4E06-B3D6-A48F974DE87C}.Release|Any CPU.ActiveCfg = Release|Any CPU
		{3D0828FB-EF20-4E06-B3D6-A48F974DE87C}.Release|Any CPU.Build.0 = Release|Any CPU
	EndGlobalSection
	GlobalSection(SolutionProperties) = preSolution
		HideSolutionNode = FALSE
	EndGlobalSection
	GlobalSection(ExtensibilityGlobals) = postSolution
		SolutionGuid = {BCC7DD19-1717-48BB-8500-E875AA08A8F4}
	EndGlobalSection
EndGlobal
