
Microsoft Visual Studio Solution File, Format Version 12.00
# Visual Studio Version 17
VisualStudioVersion = 17.4.33110.190
MinimumVisualStudioVersion = 10.0.40219.1
Project("{FAE04EC0-301F-11D3-BF4B-00C04F79EFBC}") = "PGPConsoleApp", "PGPConsoleApp.csproj", "{C21DCDE8-C989-4DDA-B9A4-14A936F9BFA7}"
EndProject
Global
	GlobalSection(SolutionConfigurationPlatforms) = preSolution
		Debug|Any CPU = Debug|Any CPU
		Release|Any CPU = Release|Any CPU
	EndGlobalSection
	GlobalSection(ProjectConfigurationPlatforms) = postSolution
		{C21DCDE8-C989-4DDA-B9A4-14A936F9BFA7}.Debug|Any CPU.ActiveCfg = Debug|Any CPU
		{C21DCDE8-C989-4DDA-B9A4-14A936F9BFA7}.Debug|Any CPU.Build.0 = Debug|Any CPU
		{C21DCDE8-C989-4DDA-B9A4-14A936F9BFA7}.Release|Any CPU.ActiveCfg = Release|Any CPU
		{C21DCDE8-C989-4DDA-B9A4-14A936F9BFA7}.Release|Any CPU.Build.0 = Release|Any CPU
	EndGlobalSection
	GlobalSection(SolutionProperties) = preSolution
		HideSolutionNode = FALSE
	EndGlobalSection
	GlobalSection(ExtensibilityGlobals) = postSolution
		SolutionGuid = {4B47C4E9-54FB-4ABB-9D3A-0F201B92CC66}
	EndGlobalSection
EndGlobal
