
Microsoft Visual Studio Solution File, Format Version 12.00
# Visual Studio Version 17
VisualStudioVersion = 17.4.33110.190
MinimumVisualStudioVersion = 10.0.40219.1
Project("{FAE04EC0-301F-11D3-BF4B-00C04F79EFBC}") = "Inheritance", "Inheritance\Inheritance.csproj", "{036B5AD1-50AF-42A1-BE22-12597D3E0648}"
EndProject
Global
	GlobalSection(SolutionConfigurationPlatforms) = preSolution
		Debug|Any CPU = Debug|Any CPU
		Release|Any CPU = Release|Any CPU
	EndGlobalSection
	GlobalSection(ProjectConfigurationPlatforms) = postSolution
		{036B5AD1-50AF-42A1-BE22-12597D3E0648}.Debug|Any CPU.ActiveCfg = Debug|Any CPU
		{036B5AD1-50AF-42A1-BE22-12597D3E0648}.Debug|Any CPU.Build.0 = Debug|Any CPU
		{036B5AD1-50AF-42A1-BE22-12597D3E0648}.Release|Any CPU.ActiveCfg = Release|Any CPU
		{036B5AD1-50AF-42A1-BE22-12597D3E0648}.Release|Any CPU.Build.0 = Release|Any CPU
	EndGlobalSection
	GlobalSection(SolutionProperties) = preSolution
		HideSolutionNode = FALSE
	EndGlobalSection
	GlobalSection(ExtensibilityGlobals) = postSolution
		SolutionGuid = {1C1A80F7-2218-4A84-AA3D-1EDBB75E28E8}
	EndGlobalSection
EndGlobal
